// !$*UTF8*$!
{
	archiveVersion = 1;
	classes = {
	};
	objectVersion = 46;
	objects = {

/* Begin PBXBuildFile section */
		5958E55C4D7083FB8F39DFE0 /* libPods-MoireCreatorTests.a in Frameworks */ = {isa = PBXBuildFile; fileRef = E3AED0D358F48EF17CE2F52F /* libPods-MoireCreatorTests.a */; };
		768688C20A9D05783FE89F71 /* libPods-MoireCreatorUITests.a in Frameworks */ = {isa = PBXBuildFile; fileRef = A4F0A1475CC696CC1796E7E8 /* libPods-MoireCreatorUITests.a */; };
		9728C6D822785BA700ECB49F /* ViewController+SettingViewControllerDelegate.swift in Sources */ = {isa = PBXBuildFile; fileRef = 9728C6D722785BA700ECB49F /* ViewController+SettingViewControllerDelegate.swift */; };
		9728C6DA22785CE700ECB49F /* ViewController+SavePhotosAlbumDelegate.swift in Sources */ = {isa = PBXBuildFile; fileRef = 9728C6D922785CE700ECB49F /* ViewController+SavePhotosAlbumDelegate.swift */; };
		97A6796824F9CC0B00C91112 /* AdConstants.swift in Sources */ = {isa = PBXBuildFile; fileRef = 97A6796724F9CC0B00C91112 /* AdConstants.swift */; };
		97A6796C24F9D7AA00C91112 /* GoogleService-Info.plist in Resources */ = {isa = PBXBuildFile; fileRef = 97A6796B24F9D7AA00C91112 /* GoogleService-Info.plist */; };
		BA0959991ED07AAA00749D74 /* license.html in Resources */ = {isa = PBXBuildFile; fileRef = BA0959971ED07AAA00749D74 /* license.html */; };
		BA09599A1ED07AAA00749D74 /* version.html in Resources */ = {isa = PBXBuildFile; fileRef = BA0959981ED07AAA00749D74 /* version.html */; };
		BA0DC0EC1BE6063A00670C67 /* AppDelegate.swift in Sources */ = {isa = PBXBuildFile; fileRef = BA0DC0EB1BE6063A00670C67 /* AppDelegate.swift */; };
		BA0DC0EE1BE6063A00670C67 /* ViewController.swift in Sources */ = {isa = PBXBuildFile; fileRef = BA0DC0ED1BE6063A00670C67 /* ViewController.swift */; };
		BA0DC0F11BE6063A00670C67 /* Main.storyboard in Resources */ = {isa = PBXBuildFile; fileRef = BA0DC0EF1BE6063A00670C67 /* Main.storyboard */; };
		BA0DC0F31BE6063A00670C67 /* images.xcassets in Resources */ = {isa = PBXBuildFile; fileRef = BA0DC0F21BE6063A00670C67 /* images.xcassets */; };
		BA0DC0F61BE6063A00670C67 /* LaunchScreen.storyboard in Resources */ = {isa = PBXBuildFile; fileRef = BA0DC0F41BE6063A00670C67 /* LaunchScreen.storyboard */; };
		BA0DC1011BE6063A00670C67 /* MoireCreatorTests.swift in Sources */ = {isa = PBXBuildFile; fileRef = BA0DC1001BE6063A00670C67 /* MoireCreatorTests.swift */; };
		BA0DC10C1BE6063A00670C67 /* MoireCreatorUITests.swift in Sources */ = {isa = PBXBuildFile; fileRef = BA0DC10B1BE6063A00670C67 /* MoireCreatorUITests.swift */; };
		BA0DC11A1BE6070000670C67 /* UIMoireView.swift in Sources */ = {isa = PBXBuildFile; fileRef = BA0DC1191BE6070000670C67 /* UIMoireView.swift */; };
		BA0DC1211BE6343E00670C67 /* Lines.swift in Sources */ = {isa = PBXBuildFile; fileRef = BA0DC1201BE6343E00670C67 /* Lines.swift */; };
		BA0DC1231BE6356800670C67 /* Line.swift in Sources */ = {isa = PBXBuildFile; fileRef = BA0DC1221BE6356800670C67 /* Line.swift */; };
		BA0DC1271BE63DE200670C67 /* BaseType.swift in Sources */ = {isa = PBXBuildFile; fileRef = BA0DC1261BE63DE200670C67 /* BaseType.swift */; };
		BA0DC1291BE640AF00670C67 /* BaseTypes.swift in Sources */ = {isa = PBXBuildFile; fileRef = BA0DC1281BE640AF00670C67 /* BaseTypes.swift */; };
		BA326EA91FADC4110090262C /* UserDefaultsDao.swift in Sources */ = {isa = PBXBuildFile; fileRef = BA326EA81FADC4110090262C /* UserDefaultsDao.swift */; };
		BA326EAB1FADC58C0090262C /* ViewControllerPresenter.swift in Sources */ = {isa = PBXBuildFile; fileRef = BA326EAA1FADC58C0090262C /* ViewControllerPresenter.swift */; };
		BA326EAD1FADCAA30090262C /* SavePhotosAlbumUseCase.swift in Sources */ = {isa = PBXBuildFile; fileRef = BA326EAC1FADCAA30090262C /* SavePhotosAlbumUseCase.swift */; };
		BA326EAF1FADCB5E0090262C /* SavePhotosAlbumDao.swift in Sources */ = {isa = PBXBuildFile; fileRef = BA326EAE1FADCB5E0090262C /* SavePhotosAlbumDao.swift */; };
		BA41ACB91C127AB200208A6A /* CustomLabel.swift in Sources */ = {isa = PBXBuildFile; fileRef = BA41ACB81C127AB200208A6A /* CustomLabel.swift */; };
		BA41ACBB1C127FAA00208A6A /* CustomPreView.swift in Sources */ = {isa = PBXBuildFile; fileRef = BA41ACBA1C127FAA00208A6A /* CustomPreView.swift */; };
		BA57E6691BE8CE500015BEF5 /* SettingViewController.swift in Sources */ = {isa = PBXBuildFile; fileRef = BA57E6681BE8CE500015BEF5 /* SettingViewController.swift */; };
		BA5948D01EF96385008BE2B9 /* Heart.swift in Sources */ = {isa = PBXBuildFile; fileRef = BA5948CF1EF96385008BE2B9 /* Heart.swift */; };
		BA5948D21EF96397008BE2B9 /* Hearts.swift in Sources */ = {isa = PBXBuildFile; fileRef = BA5948D11EF96397008BE2B9 /* Hearts.swift */; };
		BA5948D41EFE066F008BE2B9 /* Constants.swift in Sources */ = {isa = PBXBuildFile; fileRef = BA5948D31EFE066F008BE2B9 /* Constants.swift */; };
		BA648F741BFFFAAA00FCC54E /* Rectangle.swift in Sources */ = {isa = PBXBuildFile; fileRef = BA648F731BFFFAAA00FCC54E /* Rectangle.swift */; };
		BA648F761BFFFACF00FCC54E /* Rectangles.swift in Sources */ = {isa = PBXBuildFile; fileRef = BA648F751BFFFACF00FCC54E /* Rectangles.swift */; };
		BA652B2F1BFCB1C000F310FB /* Circle.swift in Sources */ = {isa = PBXBuildFile; fileRef = BA652B2E1BFCB1C000F310FB /* Circle.swift */; };
		BA652B311BFCB1D400F310FB /* Circles.swift in Sources */ = {isa = PBXBuildFile; fileRef = BA652B301BFCB1D400F310FB /* Circles.swift */; };
		BA71C4A91BEF1A910097633A /* ColorPickerViewController.swift in Sources */ = {isa = PBXBuildFile; fileRef = BA71C4A81BEF1A910097633A /* ColorPickerViewController.swift */; };
		BA9DB02C20784A92008246CF /* CircumferencePoint.swift in Sources */ = {isa = PBXBuildFile; fileRef = BA9DB02B20784A92008246CF /* CircumferencePoint.swift */; };
		BA9DB02F20784AD9008246CF /* Flower.swift in Sources */ = {isa = PBXBuildFile; fileRef = BA9DB02E20784AD9008246CF /* Flower.swift */; };
		BA9DB03120784AFA008246CF /* Flowers.swift in Sources */ = {isa = PBXBuildFile; fileRef = BA9DB03020784AFA008246CF /* Flowers.swift */; };
		BAA8E8811FADEEF4005607A7 /* UserDefaultsUseCase.swift in Sources */ = {isa = PBXBuildFile; fileRef = BAA8E8801FADEEF4005607A7 /* UserDefaultsUseCase.swift */; };
		BAA8E8831FAE0609005607A7 /* SettingViewControllerPresenter.swift in Sources */ = {isa = PBXBuildFile; fileRef = BAA8E8821FAE0609005607A7 /* SettingViewControllerPresenter.swift */; };
		BAA8E8851FAE915C005607A7 /* ColorPickerViewControllerPresenter.swift in Sources */ = {isa = PBXBuildFile; fileRef = BAA8E8841FAE915C005607A7 /* ColorPickerViewControllerPresenter.swift */; };
		BAA8E8871FAE9208005607A7 /* ColorPickUseCase.swift in Sources */ = {isa = PBXBuildFile; fileRef = BAA8E8861FAE9208005607A7 /* ColorPickUseCase.swift */; };
		BAB8D9D91C033075001AB48B /* Original.swift in Sources */ = {isa = PBXBuildFile; fileRef = BAB8D9D81C033075001AB48B /* Original.swift */; };
		BAB8D9DB1C033086001AB48B /* Originals.swift in Sources */ = {isa = PBXBuildFile; fileRef = BAB8D9DA1C033086001AB48B /* Originals.swift */; };
		BABC9D331BF74427003883B0 /* CustomButton.swift in Sources */ = {isa = PBXBuildFile; fileRef = BABC9D321BF74427003883B0 /* CustomButton.swift */; };
		BAC3ED181C020CA1002BCFCF /* AboutViewController.swift in Sources */ = {isa = PBXBuildFile; fileRef = BAC3ED171C020CA1002BCFCF /* AboutViewController.swift */; };
		BAD9CDC51BEE18FE0007D36F /* CustomTextField.swift in Sources */ = {isa = PBXBuildFile; fileRef = BAD9CDC41BEE18FE0007D36F /* CustomTextField.swift */; };
		BADB2A241EFF3BA5005D825D /* Synapse.swift in Sources */ = {isa = PBXBuildFile; fileRef = BADB2A231EFF3BA5005D825D /* Synapse.swift */; };
		BADB2A261EFF3BB4005D825D /* Synapses.swift in Sources */ = {isa = PBXBuildFile; fileRef = BADB2A251EFF3BB4005D825D /* Synapses.swift */; };
		BAE1F90B1FB7DB7F005B8902 /* Octagon.swift in Sources */ = {isa = PBXBuildFile; fileRef = BAE1F90A1FB7DB7F005B8902 /* Octagon.swift */; };
		BAE1F90D1FB7DBC5005B8902 /* Octagons.swift in Sources */ = {isa = PBXBuildFile; fileRef = BAE1F90C1FB7DBC5005B8902 /* Octagons.swift */; };
		BAE2FCEE1FAD5057009F6C3E /* KeyManager.swift in Sources */ = {isa = PBXBuildFile; fileRef = BAE2FCED1FAD5057009F6C3E /* KeyManager.swift */; };
		BAEA43F91ECF447400EBAF5A /* InfoViewController.swift in Sources */ = {isa = PBXBuildFile; fileRef = BAEA43F81ECF447400EBAF5A /* InfoViewController.swift */; };
		BAEA43FB1ECFE50F00EBAF5A /* WebViewController.swift in Sources */ = {isa = PBXBuildFile; fileRef = BAEA43FA1ECFE50F00EBAF5A /* WebViewController.swift */; };
		BAFEA5281C02E0C800EEBDD8 /* UIAboutView.swift in Sources */ = {isa = PBXBuildFile; fileRef = BAFEA5271C02E0C800EEBDD8 /* UIAboutView.swift */; };
		D3DB4CE250F776C222F61915 /* libPods-MoireCreator.a in Frameworks */ = {isa = PBXBuildFile; fileRef = 4DD2AF998CBE745A6B14B7AB /* libPods-MoireCreator.a */; };
/* End PBXBuildFile section */

/* Begin PBXContainerItemProxy section */
		BA0DC0FD1BE6063A00670C67 /* PBXContainerItemProxy */ = {
			isa = PBXContainerItemProxy;
			containerPortal = BA0DC0E01BE6063A00670C67 /* Project object */;
			proxyType = 1;
			remoteGlobalIDString = BA0DC0E71BE6063A00670C67;
			remoteInfo = MoireCreator;
		};
		BA0DC1081BE6063A00670C67 /* PBXContainerItemProxy */ = {
			isa = PBXContainerItemProxy;
			containerPortal = BA0DC0E01BE6063A00670C67 /* Project object */;
			proxyType = 1;
			remoteGlobalIDString = BA0DC0E71BE6063A00670C67;
			remoteInfo = MoireCreator;
		};
/* End PBXContainerItemProxy section */

/* Begin PBXFileReference section */
		2182E1B24A91D23659210C11 /* Pods-MoireCreatorTests.debug.xcconfig */ = {isa = PBXFileReference; includeInIndex = 1; lastKnownFileType = text.xcconfig; name = "Pods-MoireCreatorTests.debug.xcconfig"; path = "Target Support Files/Pods-MoireCreatorTests/Pods-MoireCreatorTests.debug.xcconfig"; sourceTree = "<group>"; };
		2EE6CF4F6C2BE596A4881765 /* Pods-MoireCreatorUITests.release.xcconfig */ = {isa = PBXFileReference; includeInIndex = 1; lastKnownFileType = text.xcconfig; name = "Pods-MoireCreatorUITests.release.xcconfig"; path = "Target Support Files/Pods-MoireCreatorUITests/Pods-MoireCreatorUITests.release.xcconfig"; sourceTree = "<group>"; };
		4DD2AF998CBE745A6B14B7AB /* libPods-MoireCreator.a */ = {isa = PBXFileReference; explicitFileType = archive.ar; includeInIndex = 0; path = "libPods-MoireCreator.a"; sourceTree = BUILT_PRODUCTS_DIR; };
		51C8486A9D0C3BAE18B3A110 /* Pods-MoireCreator.release.xcconfig */ = {isa = PBXFileReference; includeInIndex = 1; lastKnownFileType = text.xcconfig; name = "Pods-MoireCreator.release.xcconfig"; path = "Target Support Files/Pods-MoireCreator/Pods-MoireCreator.release.xcconfig"; sourceTree = "<group>"; };
		9728C6D722785BA700ECB49F /* ViewController+SettingViewControllerDelegate.swift */ = {isa = PBXFileReference; lastKnownFileType = sourcecode.swift; path = "ViewController+SettingViewControllerDelegate.swift"; sourceTree = "<group>"; };
		9728C6D922785CE700ECB49F /* ViewController+SavePhotosAlbumDelegate.swift */ = {isa = PBXFileReference; lastKnownFileType = sourcecode.swift; path = "ViewController+SavePhotosAlbumDelegate.swift"; sourceTree = "<group>"; };
		97A6796724F9CC0B00C91112 /* AdConstants.swift */ = {isa = PBXFileReference; lastKnownFileType = sourcecode.swift; path = AdConstants.swift; sourceTree = "<group>"; };
		97A6796B24F9D7AA00C91112 /* GoogleService-Info.plist */ = {isa = PBXFileReference; fileEncoding = 4; lastKnownFileType = text.plist.xml; path = "GoogleService-Info.plist"; sourceTree = "<group>"; };
		A4F0A1475CC696CC1796E7E8 /* libPods-MoireCreatorUITests.a */ = {isa = PBXFileReference; explicitFileType = archive.ar; includeInIndex = 0; path = "libPods-MoireCreatorUITests.a"; sourceTree = BUILT_PRODUCTS_DIR; };
		BA0959971ED07AAA00749D74 /* license.html */ = {isa = PBXFileReference; fileEncoding = 4; lastKnownFileType = text.html; path = license.html; sourceTree = "<group>"; };
		BA0959981ED07AAA00749D74 /* version.html */ = {isa = PBXFileReference; fileEncoding = 4; lastKnownFileType = text.html; path = version.html; sourceTree = "<group>"; };
		BA0DC0E81BE6063A00670C67 /* MoireCreator.app */ = {isa = PBXFileReference; explicitFileType = wrapper.application; includeInIndex = 0; path = MoireCreator.app; sourceTree = BUILT_PRODUCTS_DIR; };
		BA0DC0EB1BE6063A00670C67 /* AppDelegate.swift */ = {isa = PBXFileReference; lastKnownFileType = sourcecode.swift; path = AppDelegate.swift; sourceTree = "<group>"; };
		BA0DC0ED1BE6063A00670C67 /* ViewController.swift */ = {isa = PBXFileReference; lastKnownFileType = sourcecode.swift; path = ViewController.swift; sourceTree = "<group>"; };
		BA0DC0F01BE6063A00670C67 /* Base */ = {isa = PBXFileReference; lastKnownFileType = file.storyboard; name = Base; path = Base.lproj/Main.storyboard; sourceTree = "<group>"; };
		BA0DC0F21BE6063A00670C67 /* images.xcassets */ = {isa = PBXFileReference; lastKnownFileType = folder.assetcatalog; path = images.xcassets; sourceTree = "<group>"; };
		BA0DC0F51BE6063A00670C67 /* Base */ = {isa = PBXFileReference; lastKnownFileType = file.storyboard; name = Base; path = Base.lproj/LaunchScreen.storyboard; sourceTree = "<group>"; };
		BA0DC0F71BE6063A00670C67 /* Info.plist */ = {isa = PBXFileReference; lastKnownFileType = text.plist.xml; path = Info.plist; sourceTree = "<group>"; };
		BA0DC0FC1BE6063A00670C67 /* MoireCreatorTests.xctest */ = {isa = PBXFileReference; explicitFileType = wrapper.cfbundle; includeInIndex = 0; path = MoireCreatorTests.xctest; sourceTree = BUILT_PRODUCTS_DIR; };
		BA0DC1001BE6063A00670C67 /* MoireCreatorTests.swift */ = {isa = PBXFileReference; lastKnownFileType = sourcecode.swift; path = MoireCreatorTests.swift; sourceTree = "<group>"; };
		BA0DC1021BE6063A00670C67 /* Info.plist */ = {isa = PBXFileReference; lastKnownFileType = text.plist.xml; path = Info.plist; sourceTree = "<group>"; };
		BA0DC1071BE6063A00670C67 /* MoireCreatorUITests.xctest */ = {isa = PBXFileReference; explicitFileType = wrapper.cfbundle; includeInIndex = 0; path = MoireCreatorUITests.xctest; sourceTree = BUILT_PRODUCTS_DIR; };
		BA0DC10B1BE6063A00670C67 /* MoireCreatorUITests.swift */ = {isa = PBXFileReference; lastKnownFileType = sourcecode.swift; path = MoireCreatorUITests.swift; sourceTree = "<group>"; };
		BA0DC10D1BE6063A00670C67 /* Info.plist */ = {isa = PBXFileReference; lastKnownFileType = text.plist.xml; path = Info.plist; sourceTree = "<group>"; };
		BA0DC1191BE6070000670C67 /* UIMoireView.swift */ = {isa = PBXFileReference; fileEncoding = 4; lastKnownFileType = sourcecode.swift; path = UIMoireView.swift; sourceTree = "<group>"; };
		BA0DC1201BE6343E00670C67 /* Lines.swift */ = {isa = PBXFileReference; fileEncoding = 4; lastKnownFileType = sourcecode.swift; path = Lines.swift; sourceTree = "<group>"; };
		BA0DC1221BE6356800670C67 /* Line.swift */ = {isa = PBXFileReference; fileEncoding = 4; lastKnownFileType = sourcecode.swift; path = Line.swift; sourceTree = "<group>"; };
		BA0DC1261BE63DE200670C67 /* BaseType.swift */ = {isa = PBXFileReference; fileEncoding = 4; lastKnownFileType = sourcecode.swift; path = BaseType.swift; sourceTree = "<group>"; };
		BA0DC1281BE640AF00670C67 /* BaseTypes.swift */ = {isa = PBXFileReference; fileEncoding = 4; lastKnownFileType = sourcecode.swift; path = BaseTypes.swift; sourceTree = "<group>"; };
		BA326EA81FADC4110090262C /* UserDefaultsDao.swift */ = {isa = PBXFileReference; lastKnownFileType = sourcecode.swift; path = UserDefaultsDao.swift; sourceTree = "<group>"; };
		BA326EAA1FADC58C0090262C /* ViewControllerPresenter.swift */ = {isa = PBXFileReference; lastKnownFileType = sourcecode.swift; path = ViewControllerPresenter.swift; sourceTree = "<group>"; };
		BA326EAC1FADCAA30090262C /* SavePhotosAlbumUseCase.swift */ = {isa = PBXFileReference; lastKnownFileType = sourcecode.swift; path = SavePhotosAlbumUseCase.swift; sourceTree = "<group>"; };
		BA326EAE1FADCB5E0090262C /* SavePhotosAlbumDao.swift */ = {isa = PBXFileReference; lastKnownFileType = sourcecode.swift; path = SavePhotosAlbumDao.swift; sourceTree = "<group>"; };
		BA41ACB81C127AB200208A6A /* CustomLabel.swift */ = {isa = PBXFileReference; fileEncoding = 4; lastKnownFileType = sourcecode.swift; path = CustomLabel.swift; sourceTree = "<group>"; };
		BA41ACBA1C127FAA00208A6A /* CustomPreView.swift */ = {isa = PBXFileReference; fileEncoding = 4; lastKnownFileType = sourcecode.swift; path = CustomPreView.swift; sourceTree = "<group>"; };
		BA57E6681BE8CE500015BEF5 /* SettingViewController.swift */ = {isa = PBXFileReference; fileEncoding = 4; lastKnownFileType = sourcecode.swift; path = SettingViewController.swift; sourceTree = "<group>"; };
		BA5948CF1EF96385008BE2B9 /* Heart.swift */ = {isa = PBXFileReference; fileEncoding = 4; lastKnownFileType = sourcecode.swift; path = Heart.swift; sourceTree = "<group>"; };
		BA5948D11EF96397008BE2B9 /* Hearts.swift */ = {isa = PBXFileReference; fileEncoding = 4; lastKnownFileType = sourcecode.swift; path = Hearts.swift; sourceTree = "<group>"; };
		BA5948D31EFE066F008BE2B9 /* Constants.swift */ = {isa = PBXFileReference; fileEncoding = 4; lastKnownFileType = sourcecode.swift; path = Constants.swift; sourceTree = "<group>"; };
		BA648F731BFFFAAA00FCC54E /* Rectangle.swift */ = {isa = PBXFileReference; fileEncoding = 4; lastKnownFileType = sourcecode.swift; path = Rectangle.swift; sourceTree = "<group>"; };
		BA648F751BFFFACF00FCC54E /* Rectangles.swift */ = {isa = PBXFileReference; fileEncoding = 4; lastKnownFileType = sourcecode.swift; path = Rectangles.swift; sourceTree = "<group>"; };
		BA652B2E1BFCB1C000F310FB /* Circle.swift */ = {isa = PBXFileReference; fileEncoding = 4; lastKnownFileType = sourcecode.swift; path = Circle.swift; sourceTree = "<group>"; };
		BA652B301BFCB1D400F310FB /* Circles.swift */ = {isa = PBXFileReference; fileEncoding = 4; lastKnownFileType = sourcecode.swift; path = Circles.swift; sourceTree = "<group>"; };
		BA71C4A81BEF1A910097633A /* ColorPickerViewController.swift */ = {isa = PBXFileReference; fileEncoding = 4; lastKnownFileType = sourcecode.swift; path = ColorPickerViewController.swift; sourceTree = "<group>"; };
		BA9DB02B20784A92008246CF /* CircumferencePoint.swift */ = {isa = PBXFileReference; lastKnownFileType = sourcecode.swift; path = CircumferencePoint.swift; sourceTree = "<group>"; };
		BA9DB02E20784AD9008246CF /* Flower.swift */ = {isa = PBXFileReference; lastKnownFileType = sourcecode.swift; path = Flower.swift; sourceTree = "<group>"; };
		BA9DB03020784AFA008246CF /* Flowers.swift */ = {isa = PBXFileReference; lastKnownFileType = sourcecode.swift; path = Flowers.swift; sourceTree = "<group>"; };
		BAA8E8801FADEEF4005607A7 /* UserDefaultsUseCase.swift */ = {isa = PBXFileReference; lastKnownFileType = sourcecode.swift; path = UserDefaultsUseCase.swift; sourceTree = "<group>"; };
		BAA8E8821FAE0609005607A7 /* SettingViewControllerPresenter.swift */ = {isa = PBXFileReference; lastKnownFileType = sourcecode.swift; path = SettingViewControllerPresenter.swift; sourceTree = "<group>"; };
		BAA8E8841FAE915C005607A7 /* ColorPickerViewControllerPresenter.swift */ = {isa = PBXFileReference; lastKnownFileType = sourcecode.swift; path = ColorPickerViewControllerPresenter.swift; sourceTree = "<group>"; };
		BAA8E8861FAE9208005607A7 /* ColorPickUseCase.swift */ = {isa = PBXFileReference; lastKnownFileType = sourcecode.swift; path = ColorPickUseCase.swift; sourceTree = "<group>"; };
		BAB8D9D81C033075001AB48B /* Original.swift */ = {isa = PBXFileReference; fileEncoding = 4; lastKnownFileType = sourcecode.swift; path = Original.swift; sourceTree = "<group>"; };
		BAB8D9DA1C033086001AB48B /* Originals.swift */ = {isa = PBXFileReference; fileEncoding = 4; lastKnownFileType = sourcecode.swift; path = Originals.swift; sourceTree = "<group>"; };
		BABC9D321BF74427003883B0 /* CustomButton.swift */ = {isa = PBXFileReference; fileEncoding = 4; lastKnownFileType = sourcecode.swift; path = CustomButton.swift; sourceTree = "<group>"; };
		BAC3ED171C020CA1002BCFCF /* AboutViewController.swift */ = {isa = PBXFileReference; fileEncoding = 4; lastKnownFileType = sourcecode.swift; path = AboutViewController.swift; sourceTree = "<group>"; };
		BAD9CDC41BEE18FE0007D36F /* CustomTextField.swift */ = {isa = PBXFileReference; fileEncoding = 4; lastKnownFileType = sourcecode.swift; path = CustomTextField.swift; sourceTree = "<group>"; };
		BADB2A231EFF3BA5005D825D /* Synapse.swift */ = {isa = PBXFileReference; fileEncoding = 4; lastKnownFileType = sourcecode.swift; path = Synapse.swift; sourceTree = "<group>"; };
		BADB2A251EFF3BB4005D825D /* Synapses.swift */ = {isa = PBXFileReference; fileEncoding = 4; lastKnownFileType = sourcecode.swift; path = Synapses.swift; sourceTree = "<group>"; };
		BAE1F90A1FB7DB7F005B8902 /* Octagon.swift */ = {isa = PBXFileReference; lastKnownFileType = sourcecode.swift; path = Octagon.swift; sourceTree = "<group>"; };
		BAE1F90C1FB7DBC5005B8902 /* Octagons.swift */ = {isa = PBXFileReference; lastKnownFileType = sourcecode.swift; path = Octagons.swift; sourceTree = "<group>"; };
		BAE2FCED1FAD5057009F6C3E /* KeyManager.swift */ = {isa = PBXFileReference; lastKnownFileType = sourcecode.swift; path = KeyManager.swift; sourceTree = "<group>"; };
		BAEA43F81ECF447400EBAF5A /* InfoViewController.swift */ = {isa = PBXFileReference; fileEncoding = 4; lastKnownFileType = sourcecode.swift; path = InfoViewController.swift; sourceTree = "<group>"; };
		BAEA43FA1ECFE50F00EBAF5A /* WebViewController.swift */ = {isa = PBXFileReference; fileEncoding = 4; lastKnownFileType = sourcecode.swift; path = WebViewController.swift; sourceTree = "<group>"; };
		BAFEA5271C02E0C800EEBDD8 /* UIAboutView.swift */ = {isa = PBXFileReference; fileEncoding = 4; lastKnownFileType = sourcecode.swift; path = UIAboutView.swift; sourceTree = "<group>"; };
		BBF1419B763ACECC0AA688D3 /* Pods-MoireCreator.debug.xcconfig */ = {isa = PBXFileReference; includeInIndex = 1; lastKnownFileType = text.xcconfig; name = "Pods-MoireCreator.debug.xcconfig"; path = "Target Support Files/Pods-MoireCreator/Pods-MoireCreator.debug.xcconfig"; sourceTree = "<group>"; };
		CA108F3A20ED65747D38C2EE /* Pods-MoireCreatorUITests.debug.xcconfig */ = {isa = PBXFileReference; includeInIndex = 1; lastKnownFileType = text.xcconfig; name = "Pods-MoireCreatorUITests.debug.xcconfig"; path = "Target Support Files/Pods-MoireCreatorUITests/Pods-MoireCreatorUITests.debug.xcconfig"; sourceTree = "<group>"; };
		DF08557DC4D611460315B80B /* Pods-MoireCreatorTests.release.xcconfig */ = {isa = PBXFileReference; includeInIndex = 1; lastKnownFileType = text.xcconfig; name = "Pods-MoireCreatorTests.release.xcconfig"; path = "Target Support Files/Pods-MoireCreatorTests/Pods-MoireCreatorTests.release.xcconfig"; sourceTree = "<group>"; };
		E3AED0D358F48EF17CE2F52F /* libPods-MoireCreatorTests.a */ = {isa = PBXFileReference; explicitFileType = archive.ar; includeInIndex = 0; path = "libPods-MoireCreatorTests.a"; sourceTree = BUILT_PRODUCTS_DIR; };
/* End PBXFileReference section */

/* Begin PBXFrameworksBuildPhase section */
		BA0DC0E51BE6063A00670C67 /* Frameworks */ = {
			isa = PBXFrameworksBuildPhase;
			buildActionMask = 2147483647;
			files = (
				D3DB4CE250F776C222F61915 /* libPods-MoireCreator.a in Frameworks */,
			);
			runOnlyForDeploymentPostprocessing = 0;
		};
		BA0DC0F91BE6063A00670C67 /* Frameworks */ = {
			isa = PBXFrameworksBuildPhase;
			buildActionMask = 2147483647;
			files = (
				5958E55C4D7083FB8F39DFE0 /* libPods-MoireCreatorTests.a in Frameworks */,
			);
			runOnlyForDeploymentPostprocessing = 0;
		};
		BA0DC1041BE6063A00670C67 /* Frameworks */ = {
			isa = PBXFrameworksBuildPhase;
			buildActionMask = 2147483647;
			files = (
				768688C20A9D05783FE89F71 /* libPods-MoireCreatorUITests.a in Frameworks */,
			);
			runOnlyForDeploymentPostprocessing = 0;
		};
/* End PBXFrameworksBuildPhase section */

/* Begin PBXGroup section */
		446558DBD02395497B139CA3 /* Frameworks */ = {
			isa = PBXGroup;
			children = (
				4DD2AF998CBE745A6B14B7AB /* libPods-MoireCreator.a */,
				E3AED0D358F48EF17CE2F52F /* libPods-MoireCreatorTests.a */,
				A4F0A1475CC696CC1796E7E8 /* libPods-MoireCreatorUITests.a */,
			);
			name = Frameworks;
			sourceTree = "<group>";
		};
		6113E9EF965E50119039BCD1 /* Pods */ = {
			isa = PBXGroup;
			children = (
				BBF1419B763ACECC0AA688D3 /* Pods-MoireCreator.debug.xcconfig */,
				51C8486A9D0C3BAE18B3A110 /* Pods-MoireCreator.release.xcconfig */,
				2182E1B24A91D23659210C11 /* Pods-MoireCreatorTests.debug.xcconfig */,
				DF08557DC4D611460315B80B /* Pods-MoireCreatorTests.release.xcconfig */,
				CA108F3A20ED65747D38C2EE /* Pods-MoireCreatorUITests.debug.xcconfig */,
				2EE6CF4F6C2BE596A4881765 /* Pods-MoireCreatorUITests.release.xcconfig */,
			);
			path = Pods;
			sourceTree = "<group>";
		};
		BA0DC0DF1BE6063A00670C67 = {
			isa = PBXGroup;
			children = (
				BA0DC0EA1BE6063A00670C67 /* MoireCreator */,
				BA0DC0FF1BE6063A00670C67 /* MoireCreatorTests */,
				BA0DC10A1BE6063A00670C67 /* MoireCreatorUITests */,
				BA0DC0E91BE6063A00670C67 /* Products */,
				6113E9EF965E50119039BCD1 /* Pods */,
				446558DBD02395497B139CA3 /* Frameworks */,
			);
			sourceTree = "<group>";
		};
		BA0DC0E91BE6063A00670C67 /* Products */ = {
			isa = PBXGroup;
			children = (
				BA0DC0E81BE6063A00670C67 /* MoireCreator.app */,
				BA0DC0FC1BE6063A00670C67 /* MoireCreatorTests.xctest */,
				BA0DC1071BE6063A00670C67 /* MoireCreatorUITests.xctest */,
			);
			name = Products;
			sourceTree = "<group>";
		};
		BA0DC0EA1BE6063A00670C67 /* MoireCreator */ = {
			isa = PBXGroup;
			children = (
				BA326E9E1FADBF3E0090262C /* Presentation */,
				BA326EA41FADC3270090262C /* Domain */,
				BA326EA51FADC3350090262C /* Infra */,
				BA5948D31EFE066F008BE2B9 /* Constants.swift */,
				97A6796724F9CC0B00C91112 /* AdConstants.swift */,
				BAE2FCED1FAD5057009F6C3E /* KeyManager.swift */,
				BA0DC0EB1BE6063A00670C67 /* AppDelegate.swift */,
				BA0DC0EF1BE6063A00670C67 /* Main.storyboard */,
				BA0DC0F21BE6063A00670C67 /* images.xcassets */,
				BA0959971ED07AAA00749D74 /* license.html */,
				BA0959981ED07AAA00749D74 /* version.html */,
				BA0DC0F41BE6063A00670C67 /* LaunchScreen.storyboard */,
				BA0DC0F71BE6063A00670C67 /* Info.plist */,
				97A6796B24F9D7AA00C91112 /* GoogleService-Info.plist */,
			);
			path = MoireCreator;
			sourceTree = "<group>";
		};
		BA0DC0FF1BE6063A00670C67 /* MoireCreatorTests */ = {
			isa = PBXGroup;
			children = (
				BA0DC1001BE6063A00670C67 /* MoireCreatorTests.swift */,
				BA0DC1021BE6063A00670C67 /* Info.plist */,
			);
			path = MoireCreatorTests;
			sourceTree = "<group>";
		};
		BA0DC10A1BE6063A00670C67 /* MoireCreatorUITests */ = {
			isa = PBXGroup;
			children = (
				BA0DC10B1BE6063A00670C67 /* MoireCreatorUITests.swift */,
				BA0DC10D1BE6063A00670C67 /* Info.plist */,
			);
			path = MoireCreatorUITests;
			sourceTree = "<group>";
		};
		BA0DC11F1BE6340E00670C67 /* Type */ = {
			isa = PBXGroup;
			children = (
				BA0DC1241BE63D9100670C67 /* Base */,
				BA0DC1251BE63DA300670C67 /* Line */,
				BA652B2D1BFCB1A400F310FB /* Circle */,
				BA648F721BFFF9B600FCC54E /* Rect */,
				BA5948CE1EF96345008BE2B9 /* Heart */,
				BADB2A221EFF3B88005D825D /* Synapse */,
				BAB8D9D71C033020001AB48B /* Original */,
				BAE1F9091FB7DAC3005B8902 /* Octagon */,
				BA9DB02D20784ABA008246CF /* Flower */,
			);
			name = Type;
			sourceTree = "<group>";
		};
		BA0DC1241BE63D9100670C67 /* Base */ = {
			isa = PBXGroup;
			children = (
				BA0DC1261BE63DE200670C67 /* BaseType.swift */,
				BA0DC1281BE640AF00670C67 /* BaseTypes.swift */,
				BA9DB02B20784A92008246CF /* CircumferencePoint.swift */,
			);
			name = Base;
			sourceTree = "<group>";
		};
		BA0DC1251BE63DA300670C67 /* Line */ = {
			isa = PBXGroup;
			children = (
				BA0DC1221BE6356800670C67 /* Line.swift */,
				BA0DC1201BE6343E00670C67 /* Lines.swift */,
			);
			name = Line;
			sourceTree = "<group>";
		};
		BA326E9E1FADBF3E0090262C /* Presentation */ = {
			isa = PBXGroup;
			children = (
				BA326EA01FADBF880090262C /* View */,
				BA326E9F1FADBF600090262C /* Presenter */,
			);
			name = Presentation;
			sourceTree = "<group>";
		};
		BA326E9F1FADBF600090262C /* Presenter */ = {
			isa = PBXGroup;
			children = (
				BA326EAA1FADC58C0090262C /* ViewControllerPresenter.swift */,
				BAA8E8821FAE0609005607A7 /* SettingViewControllerPresenter.swift */,
				BAA8E8841FAE915C005607A7 /* ColorPickerViewControllerPresenter.swift */,
			);
			name = Presenter;
			sourceTree = "<group>";
		};
		BA326EA01FADBF880090262C /* View */ = {
			isa = PBXGroup;
			children = (
				BA326EA11FADBF970090262C /* Controller */,
				BA326EA21FADC0290090262C /* Ui */,
			);
			name = View;
			sourceTree = "<group>";
		};
		BA326EA11FADBF970090262C /* Controller */ = {
			isa = PBXGroup;
			children = (
				BA0DC0ED1BE6063A00670C67 /* ViewController.swift */,
				9728C6D722785BA700ECB49F /* ViewController+SettingViewControllerDelegate.swift */,
				9728C6D922785CE700ECB49F /* ViewController+SavePhotosAlbumDelegate.swift */,
				BA57E6681BE8CE500015BEF5 /* SettingViewController.swift */,
				BA71C4A81BEF1A910097633A /* ColorPickerViewController.swift */,
				BAC3ED171C020CA1002BCFCF /* AboutViewController.swift */,
				BAEA43F81ECF447400EBAF5A /* InfoViewController.swift */,
				BAEA43FA1ECFE50F00EBAF5A /* WebViewController.swift */,
			);
			name = Controller;
			sourceTree = "<group>";
		};
		BA326EA21FADC0290090262C /* Ui */ = {
			isa = PBXGroup;
			children = (
				BA0DC1191BE6070000670C67 /* UIMoireView.swift */,
				BAFEA5271C02E0C800EEBDD8 /* UIAboutView.swift */,
				BA0DC11F1BE6340E00670C67 /* Type */,
				BA326EA31FADC10D0090262C /* Parts */,
			);
			name = Ui;
			sourceTree = "<group>";
		};
		BA326EA31FADC10D0090262C /* Parts */ = {
			isa = PBXGroup;
			children = (
				BAD9CDC41BEE18FE0007D36F /* CustomTextField.swift */,
				BABC9D321BF74427003883B0 /* CustomButton.swift */,
				BA41ACB81C127AB200208A6A /* CustomLabel.swift */,
				BA41ACBA1C127FAA00208A6A /* CustomPreView.swift */,
			);
			name = Parts;
			sourceTree = "<group>";
		};
		BA326EA41FADC3270090262C /* Domain */ = {
			isa = PBXGroup;
			children = (
				BA326EA61FADC34E0090262C /* UseCase */,
			);
			name = Domain;
			sourceTree = "<group>";
		};
		BA326EA51FADC3350090262C /* Infra */ = {
			isa = PBXGroup;
			children = (
				BA326EA71FADC3750090262C /* Storage */,
			);
			name = Infra;
			sourceTree = "<group>";
		};
		BA326EA61FADC34E0090262C /* UseCase */ = {
			isa = PBXGroup;
			children = (
				BAA8E8801FADEEF4005607A7 /* UserDefaultsUseCase.swift */,
				BA326EAC1FADCAA30090262C /* SavePhotosAlbumUseCase.swift */,
				BAA8E8861FAE9208005607A7 /* ColorPickUseCase.swift */,
			);
			name = UseCase;
			sourceTree = "<group>";
		};
		BA326EA71FADC3750090262C /* Storage */ = {
			isa = PBXGroup;
			children = (
				BA326EA81FADC4110090262C /* UserDefaultsDao.swift */,
				BA326EAE1FADCB5E0090262C /* SavePhotosAlbumDao.swift */,
			);
			name = Storage;
			sourceTree = "<group>";
		};
		BA5948CE1EF96345008BE2B9 /* Heart */ = {
			isa = PBXGroup;
			children = (
				BA5948CF1EF96385008BE2B9 /* Heart.swift */,
				BA5948D11EF96397008BE2B9 /* Hearts.swift */,
			);
			name = Heart;
			sourceTree = "<group>";
		};
		BA648F721BFFF9B600FCC54E /* Rect */ = {
			isa = PBXGroup;
			children = (
				BA648F731BFFFAAA00FCC54E /* Rectangle.swift */,
				BA648F751BFFFACF00FCC54E /* Rectangles.swift */,
			);
			name = Rect;
			sourceTree = "<group>";
		};
		BA652B2D1BFCB1A400F310FB /* Circle */ = {
			isa = PBXGroup;
			children = (
				BA652B2E1BFCB1C000F310FB /* Circle.swift */,
				BA652B301BFCB1D400F310FB /* Circles.swift */,
			);
			name = Circle;
			sourceTree = "<group>";
		};
		BA9DB02D20784ABA008246CF /* Flower */ = {
			isa = PBXGroup;
			children = (
				BA9DB02E20784AD9008246CF /* Flower.swift */,
				BA9DB03020784AFA008246CF /* Flowers.swift */,
			);
			name = Flower;
			sourceTree = "<group>";
		};
		BAB8D9D71C033020001AB48B /* Original */ = {
			isa = PBXGroup;
			children = (
				BAB8D9D81C033075001AB48B /* Original.swift */,
				BAB8D9DA1C033086001AB48B /* Originals.swift */,
			);
			name = Original;
			sourceTree = "<group>";
		};
		BADB2A221EFF3B88005D825D /* Synapse */ = {
			isa = PBXGroup;
			children = (
				BADB2A231EFF3BA5005D825D /* Synapse.swift */,
				BADB2A251EFF3BB4005D825D /* Synapses.swift */,
			);
			name = Synapse;
			sourceTree = "<group>";
		};
		BAE1F9091FB7DAC3005B8902 /* Octagon */ = {
			isa = PBXGroup;
			children = (
				BAE1F90A1FB7DB7F005B8902 /* Octagon.swift */,
				BAE1F90C1FB7DBC5005B8902 /* Octagons.swift */,
			);
			name = Octagon;
			sourceTree = "<group>";
		};
/* End PBXGroup section */

/* Begin PBXNativeTarget section */
		BA0DC0E71BE6063A00670C67 /* MoireCreator */ = {
			isa = PBXNativeTarget;
			buildConfigurationList = BA0DC1101BE6063A00670C67 /* Build configuration list for PBXNativeTarget "MoireCreator" */;
			buildPhases = (
				5ECEB41A80E662089FDBB09E /* [CP] Check Pods Manifest.lock */,
				BA0DC0E41BE6063A00670C67 /* Sources */,
				BA0DC0E51BE6063A00670C67 /* Frameworks */,
				BA0DC0E61BE6063A00670C67 /* Resources */,
			);
			buildRules = (
			);
			dependencies = (
			);
			name = MoireCreator;
			productName = MoireCreator;
			productReference = BA0DC0E81BE6063A00670C67 /* MoireCreator.app */;
			productType = "com.apple.product-type.application";
		};
		BA0DC0FB1BE6063A00670C67 /* MoireCreatorTests */ = {
			isa = PBXNativeTarget;
			buildConfigurationList = BA0DC1131BE6063A00670C67 /* Build configuration list for PBXNativeTarget "MoireCreatorTests" */;
			buildPhases = (
				3C1C6722C5DEA0DFFE5D7118 /* [CP] Check Pods Manifest.lock */,
				BA0DC0F81BE6063A00670C67 /* Sources */,
				BA0DC0F91BE6063A00670C67 /* Frameworks */,
				BA0DC0FA1BE6063A00670C67 /* Resources */,
			);
			buildRules = (
			);
			dependencies = (
				BA0DC0FE1BE6063A00670C67 /* PBXTargetDependency */,
			);
			name = MoireCreatorTests;
			productName = MoireCreatorTests;
			productReference = BA0DC0FC1BE6063A00670C67 /* MoireCreatorTests.xctest */;
			productType = "com.apple.product-type.bundle.unit-test";
		};
		BA0DC1061BE6063A00670C67 /* MoireCreatorUITests */ = {
			isa = PBXNativeTarget;
			buildConfigurationList = BA0DC1161BE6063A00670C67 /* Build configuration list for PBXNativeTarget "MoireCreatorUITests" */;
			buildPhases = (
				443B25884232762EF3431F46 /* [CP] Check Pods Manifest.lock */,
				BA0DC1031BE6063A00670C67 /* Sources */,
				BA0DC1041BE6063A00670C67 /* Frameworks */,
				BA0DC1051BE6063A00670C67 /* Resources */,
			);
			buildRules = (
			);
			dependencies = (
				BA0DC1091BE6063A00670C67 /* PBXTargetDependency */,
			);
			name = MoireCreatorUITests;
			productName = MoireCreatorUITests;
			productReference = BA0DC1071BE6063A00670C67 /* MoireCreatorUITests.xctest */;
			productType = "com.apple.product-type.bundle.ui-testing";
		};
/* End PBXNativeTarget section */

/* Begin PBXProject section */
		BA0DC0E01BE6063A00670C67 /* Project object */ = {
			isa = PBXProject;
			attributes = {
				LastSwiftUpdateCheck = 0710;
				LastUpgradeCheck = 0900;
				ORGANIZATIONNAME = "yuji shimada";
				TargetAttributes = {
					BA0DC0E71BE6063A00670C67 = {
						CreatedOnToolsVersion = 7.1;
						DevelopmentTeam = YVYVV5ZB3C;
						LastSwiftMigration = 0900;
						ProvisioningStyle = Manual;
					};
					BA0DC0FB1BE6063A00670C67 = {
						CreatedOnToolsVersion = 7.1;
						DevelopmentTeam = YVYVV5ZB3C;
						LastSwiftMigration = 0900;
						ProvisioningStyle = Manual;
						TestTargetID = BA0DC0E71BE6063A00670C67;
					};
					BA0DC1061BE6063A00670C67 = {
						CreatedOnToolsVersion = 7.1;
						LastSwiftMigration = 0900;
						ProvisioningStyle = Automatic;
						TestTargetID = BA0DC0E71BE6063A00670C67;
					};
				};
			};
			buildConfigurationList = BA0DC0E31BE6063A00670C67 /* Build configuration list for PBXProject "MoireCreator" */;
			compatibilityVersion = "Xcode 3.2";
			developmentRegion = English;
			hasScannedForEncodings = 0;
			knownRegions = (
				English,
				en,
				Base,
			);
			mainGroup = BA0DC0DF1BE6063A00670C67;
			productRefGroup = BA0DC0E91BE6063A00670C67 /* Products */;
			projectDirPath = "";
			projectRoot = "";
			targets = (
				BA0DC0E71BE6063A00670C67 /* MoireCreator */,
				BA0DC0FB1BE6063A00670C67 /* MoireCreatorTests */,
				BA0DC1061BE6063A00670C67 /* MoireCreatorUITests */,
			);
		};
/* End PBXProject section */

/* Begin PBXResourcesBuildPhase section */
		BA0DC0E61BE6063A00670C67 /* Resources */ = {
			isa = PBXResourcesBuildPhase;
			buildActionMask = 2147483647;
			files = (
				BA0DC0F61BE6063A00670C67 /* LaunchScreen.storyboard in Resources */,
				BA0DC0F31BE6063A00670C67 /* images.xcassets in Resources */,
				BA0959991ED07AAA00749D74 /* license.html in Resources */,
				BA0DC0F11BE6063A00670C67 /* Main.storyboard in Resources */,
				BA09599A1ED07AAA00749D74 /* version.html in Resources */,
				97A6796C24F9D7AA00C91112 /* GoogleService-Info.plist in Resources */,
			);
			runOnlyForDeploymentPostprocessing = 0;
		};
		BA0DC0FA1BE6063A00670C67 /* Resources */ = {
			isa = PBXResourcesBuildPhase;
			buildActionMask = 2147483647;
			files = (
			);
			runOnlyForDeploymentPostprocessing = 0;
		};
		BA0DC1051BE6063A00670C67 /* Resources */ = {
			isa = PBXResourcesBuildPhase;
			buildActionMask = 2147483647;
			files = (
			);
			runOnlyForDeploymentPostprocessing = 0;
		};
/* End PBXResourcesBuildPhase section */

/* Begin PBXShellScriptBuildPhase section */
		3C1C6722C5DEA0DFFE5D7118 /* [CP] Check Pods Manifest.lock */ = {
			isa = PBXShellScriptBuildPhase;
			buildActionMask = 2147483647;
			files = (
			);
			inputFileListPaths = (
			);
			inputPaths = (
				"${PODS_PODFILE_DIR_PATH}/Podfile.lock",
				"${PODS_ROOT}/Manifest.lock",
			);
			name = "[CP] Check Pods Manifest.lock";
			outputFileListPaths = (
			);
			outputPaths = (
				"$(DERIVED_FILE_DIR)/Pods-MoireCreatorTests-checkManifestLockResult.txt",
			);
			runOnlyForDeploymentPostprocessing = 0;
			shellPath = /bin/sh;
			shellScript = "diff \"${PODS_PODFILE_DIR_PATH}/Podfile.lock\" \"${PODS_ROOT}/Manifest.lock\" > /dev/null\nif [ $? != 0 ] ; then\n    # print error to STDERR\n    echo \"error: The sandbox is not in sync with the Podfile.lock. Run 'pod install' or update your CocoaPods installation.\" >&2\n    exit 1\nfi\n# This output is used by Xcode 'outputs' to avoid re-running this script phase.\necho \"SUCCESS\" > \"${SCRIPT_OUTPUT_FILE_0}\"\n";
			showEnvVarsInLog = 0;
		};
		443B25884232762EF3431F46 /* [CP] Check Pods Manifest.lock */ = {
			isa = PBXShellScriptBuildPhase;
			buildActionMask = 2147483647;
			files = (
			);
			inputFileListPaths = (
			);
			inputPaths = (
				"${PODS_PODFILE_DIR_PATH}/Podfile.lock",
				"${PODS_ROOT}/Manifest.lock",
			);
			name = "[CP] Check Pods Manifest.lock";
			outputFileListPaths = (
			);
			outputPaths = (
				"$(DERIVED_FILE_DIR)/Pods-MoireCreatorUITests-checkManifestLockResult.txt",
			);
			runOnlyForDeploymentPostprocessing = 0;
			shellPath = /bin/sh;
			shellScript = "diff \"${PODS_PODFILE_DIR_PATH}/Podfile.lock\" \"${PODS_ROOT}/Manifest.lock\" > /dev/null\nif [ $? != 0 ] ; then\n    # print error to STDERR\n    echo \"error: The sandbox is not in sync with the Podfile.lock. Run 'pod install' or update your CocoaPods installation.\" >&2\n    exit 1\nfi\n# This output is used by Xcode 'outputs' to avoid re-running this script phase.\necho \"SUCCESS\" > \"${SCRIPT_OUTPUT_FILE_0}\"\n";
			showEnvVarsInLog = 0;
		};
		5ECEB41A80E662089FDBB09E /* [CP] Check Pods Manifest.lock */ = {
			isa = PBXShellScriptBuildPhase;
			buildActionMask = 2147483647;
			files = (
			);
			inputFileListPaths = (
			);
			inputPaths = (
				"${PODS_PODFILE_DIR_PATH}/Podfile.lock",
				"${PODS_ROOT}/Manifest.lock",
			);
			name = "[CP] Check Pods Manifest.lock";
			outputFileListPaths = (
			);
			outputPaths = (
				"$(DERIVED_FILE_DIR)/Pods-MoireCreator-checkManifestLockResult.txt",
			);
			runOnlyForDeploymentPostprocessing = 0;
			shellPath = /bin/sh;
			shellScript = "diff \"${PODS_PODFILE_DIR_PATH}/Podfile.lock\" \"${PODS_ROOT}/Manifest.lock\" > /dev/null\nif [ $? != 0 ] ; then\n    # print error to STDERR\n    echo \"error: The sandbox is not in sync with the Podfile.lock. Run 'pod install' or update your CocoaPods installation.\" >&2\n    exit 1\nfi\n# This output is used by Xcode 'outputs' to avoid re-running this script phase.\necho \"SUCCESS\" > \"${SCRIPT_OUTPUT_FILE_0}\"\n";
			showEnvVarsInLog = 0;
		};
/* End PBXShellScriptBuildPhase section */

/* Begin PBXSourcesBuildPhase section */
		BA0DC0E41BE6063A00670C67 /* Sources */ = {
			isa = PBXSourcesBuildPhase;
			buildActionMask = 2147483647;
			files = (
				BA9DB02C20784A92008246CF /* CircumferencePoint.swift in Sources */,
				BAE2FCEE1FAD5057009F6C3E /* KeyManager.swift in Sources */,
				BA41ACBB1C127FAA00208A6A /* CustomPreView.swift in Sources */,
				BA326EAF1FADCB5E0090262C /* SavePhotosAlbumDao.swift in Sources */,
				BA0DC1291BE640AF00670C67 /* BaseTypes.swift in Sources */,
				BA9DB02F20784AD9008246CF /* Flower.swift in Sources */,
				BA652B311BFCB1D400F310FB /* Circles.swift in Sources */,
				BADB2A261EFF3BB4005D825D /* Synapses.swift in Sources */,
				BA0DC0EE1BE6063A00670C67 /* ViewController.swift in Sources */,
				BA0DC1211BE6343E00670C67 /* Lines.swift in Sources */,
				BA57E6691BE8CE500015BEF5 /* SettingViewController.swift in Sources */,
				BAA8E8871FAE9208005607A7 /* ColorPickUseCase.swift in Sources */,
				BA71C4A91BEF1A910097633A /* ColorPickerViewController.swift in Sources */,
				BAA8E8811FADEEF4005607A7 /* UserDefaultsUseCase.swift in Sources */,
				BA5948D41EFE066F008BE2B9 /* Constants.swift in Sources */,
				BAE1F90B1FB7DB7F005B8902 /* Octagon.swift in Sources */,
				BADB2A241EFF3BA5005D825D /* Synapse.swift in Sources */,
				BA648F761BFFFACF00FCC54E /* Rectangles.swift in Sources */,
				BA326EAD1FADCAA30090262C /* SavePhotosAlbumUseCase.swift in Sources */,
				BA0DC0EC1BE6063A00670C67 /* AppDelegate.swift in Sources */,
				BA326EAB1FADC58C0090262C /* ViewControllerPresenter.swift in Sources */,
				97A6796824F9CC0B00C91112 /* AdConstants.swift in Sources */,
				BAE1F90D1FB7DBC5005B8902 /* Octagons.swift in Sources */,
				BAA8E8831FAE0609005607A7 /* SettingViewControllerPresenter.swift in Sources */,
				BAB8D9D91C033075001AB48B /* Original.swift in Sources */,
				BAC3ED181C020CA1002BCFCF /* AboutViewController.swift in Sources */,
				BA0DC11A1BE6070000670C67 /* UIMoireView.swift in Sources */,
				BAEA43F91ECF447400EBAF5A /* InfoViewController.swift in Sources */,
				BA41ACB91C127AB200208A6A /* CustomLabel.swift in Sources */,
				BAEA43FB1ECFE50F00EBAF5A /* WebViewController.swift in Sources */,
				9728C6D822785BA700ECB49F /* ViewController+SettingViewControllerDelegate.swift in Sources */,
				BA326EA91FADC4110090262C /* UserDefaultsDao.swift in Sources */,
				BABC9D331BF74427003883B0 /* CustomButton.swift in Sources */,
				BA652B2F1BFCB1C000F310FB /* Circle.swift in Sources */,
				BA5948D21EF96397008BE2B9 /* Hearts.swift in Sources */,
				BA0DC1271BE63DE200670C67 /* BaseType.swift in Sources */,
				BA5948D01EF96385008BE2B9 /* Heart.swift in Sources */,
				BAB8D9DB1C033086001AB48B /* Originals.swift in Sources */,
				9728C6DA22785CE700ECB49F /* ViewController+SavePhotosAlbumDelegate.swift in Sources */,
				BA9DB03120784AFA008246CF /* Flowers.swift in Sources */,
				BA0DC1231BE6356800670C67 /* Line.swift in Sources */,
				BA648F741BFFFAAA00FCC54E /* Rectangle.swift in Sources */,
				BAD9CDC51BEE18FE0007D36F /* CustomTextField.swift in Sources */,
				BAFEA5281C02E0C800EEBDD8 /* UIAboutView.swift in Sources */,
				BAA8E8851FAE915C005607A7 /* ColorPickerViewControllerPresenter.swift in Sources */,
			);
			runOnlyForDeploymentPostprocessing = 0;
		};
		BA0DC0F81BE6063A00670C67 /* Sources */ = {
			isa = PBXSourcesBuildPhase;
			buildActionMask = 2147483647;
			files = (
				BA0DC1011BE6063A00670C67 /* MoireCreatorTests.swift in Sources */,
			);
			runOnlyForDeploymentPostprocessing = 0;
		};
		BA0DC1031BE6063A00670C67 /* Sources */ = {
			isa = PBXSourcesBuildPhase;
			buildActionMask = 2147483647;
			files = (
				BA0DC10C1BE6063A00670C67 /* MoireCreatorUITests.swift in Sources */,
			);
			runOnlyForDeploymentPostprocessing = 0;
		};
/* End PBXSourcesBuildPhase section */

/* Begin PBXTargetDependency section */
		BA0DC0FE1BE6063A00670C67 /* PBXTargetDependency */ = {
			isa = PBXTargetDependency;
			target = BA0DC0E71BE6063A00670C67 /* MoireCreator */;
			targetProxy = BA0DC0FD1BE6063A00670C67 /* PBXContainerItemProxy */;
		};
		BA0DC1091BE6063A00670C67 /* PBXTargetDependency */ = {
			isa = PBXTargetDependency;
			target = BA0DC0E71BE6063A00670C67 /* MoireCreator */;
			targetProxy = BA0DC1081BE6063A00670C67 /* PBXContainerItemProxy */;
		};
/* End PBXTargetDependency section */

/* Begin PBXVariantGroup section */
		BA0DC0EF1BE6063A00670C67 /* Main.storyboard */ = {
			isa = PBXVariantGroup;
			children = (
				BA0DC0F01BE6063A00670C67 /* Base */,
			);
			name = Main.storyboard;
			sourceTree = "<group>";
		};
		BA0DC0F41BE6063A00670C67 /* LaunchScreen.storyboard */ = {
			isa = PBXVariantGroup;
			children = (
				BA0DC0F51BE6063A00670C67 /* Base */,
			);
			name = LaunchScreen.storyboard;
			sourceTree = "<group>";
		};
/* End PBXVariantGroup section */

/* Begin XCBuildConfiguration section */
		BA0DC10E1BE6063A00670C67 /* Debug */ = {
			isa = XCBuildConfiguration;
			buildSettings = {
				ALWAYS_SEARCH_USER_PATHS = NO;
				CLANG_CXX_LANGUAGE_STANDARD = "gnu++0x";
				CLANG_CXX_LIBRARY = "libc++";
				CLANG_ENABLE_MODULES = YES;
				CLANG_ENABLE_OBJC_ARC = YES;
				CLANG_WARN_BLOCK_CAPTURE_AUTORELEASING = YES;
				CLANG_WARN_BOOL_CONVERSION = YES;
				CLANG_WARN_COMMA = YES;
				CLANG_WARN_CONSTANT_CONVERSION = YES;
				CLANG_WARN_DIRECT_OBJC_ISA_USAGE = YES_ERROR;
				CLANG_WARN_EMPTY_BODY = YES;
				CLANG_WARN_ENUM_CONVERSION = YES;
				CLANG_WARN_INFINITE_RECURSION = YES;
				CLANG_WARN_INT_CONVERSION = YES;
				CLANG_WARN_NON_LITERAL_NULL_CONVERSION = YES;
				CLANG_WARN_OBJC_LITERAL_CONVERSION = YES;
				CLANG_WARN_OBJC_ROOT_CLASS = YES_ERROR;
				CLANG_WARN_RANGE_LOOP_ANALYSIS = YES;
				CLANG_WARN_STRICT_PROTOTYPES = YES;
				CLANG_WARN_SUSPICIOUS_MOVE = YES;
				CLANG_WARN_UNREACHABLE_CODE = YES;
				CLANG_WARN__DUPLICATE_METHOD_MATCH = YES;
				CODE_SIGN_IDENTITY = "iPhone Developer";
				"CODE_SIGN_IDENTITY[sdk=iphoneos*]" = "iPhone Developer";
				COPY_PHASE_STRIP = NO;
				DEBUG_INFORMATION_FORMAT = dwarf;
				ENABLE_STRICT_OBJC_MSGSEND = YES;
				ENABLE_TESTABILITY = YES;
				GCC_C_LANGUAGE_STANDARD = gnu99;
				GCC_DYNAMIC_NO_PIC = NO;
				GCC_NO_COMMON_BLOCKS = YES;
				GCC_OPTIMIZATION_LEVEL = 0;
				GCC_PREPROCESSOR_DEFINITIONS = (
					"DEBUG=1",
					"$(inherited)",
				);
				GCC_WARN_64_TO_32_BIT_CONVERSION = YES;
				GCC_WARN_ABOUT_RETURN_TYPE = YES_ERROR;
				GCC_WARN_UNDECLARED_SELECTOR = YES;
				GCC_WARN_UNINITIALIZED_AUTOS = YES_AGGRESSIVE;
				GCC_WARN_UNUSED_FUNCTION = YES;
				GCC_WARN_UNUSED_VARIABLE = YES;
				IPHONEOS_DEPLOYMENT_TARGET = 10.0;
				MTL_ENABLE_DEBUG_INFO = YES;
				ONLY_ACTIVE_ARCH = YES;
				PROVISIONING_PROFILE = "20294a45-6d85-4d86-a3f0-ff3722e1672b";
				SDKROOT = iphoneos;
				SWIFT_OPTIMIZATION_LEVEL = "-Onone";
			};
			name = Debug;
		};
		BA0DC10F1BE6063A00670C67 /* Release */ = {
			isa = XCBuildConfiguration;
			buildSettings = {
				ALWAYS_SEARCH_USER_PATHS = NO;
				CLANG_CXX_LANGUAGE_STANDARD = "gnu++0x";
				CLANG_CXX_LIBRARY = "libc++";
				CLANG_ENABLE_MODULES = YES;
				CLANG_ENABLE_OBJC_ARC = YES;
				CLANG_WARN_BLOCK_CAPTURE_AUTORELEASING = YES;
				CLANG_WARN_BOOL_CONVERSION = YES;
				CLANG_WARN_COMMA = YES;
				CLANG_WARN_CONSTANT_CONVERSION = YES;
				CLANG_WARN_DIRECT_OBJC_ISA_USAGE = YES_ERROR;
				CLANG_WARN_EMPTY_BODY = YES;
				CLANG_WARN_ENUM_CONVERSION = YES;
				CLANG_WARN_INFINITE_RECURSION = YES;
				CLANG_WARN_INT_CONVERSION = YES;
				CLANG_WARN_NON_LITERAL_NULL_CONVERSION = YES;
				CLANG_WARN_OBJC_LITERAL_CONVERSION = YES;
				CLANG_WARN_OBJC_ROOT_CLASS = YES_ERROR;
				CLANG_WARN_RANGE_LOOP_ANALYSIS = YES;
				CLANG_WARN_STRICT_PROTOTYPES = YES;
				CLANG_WARN_SUSPICIOUS_MOVE = YES;
				CLANG_WARN_UNREACHABLE_CODE = YES;
				CLANG_WARN__DUPLICATE_METHOD_MATCH = YES;
				CODE_SIGN_IDENTITY = "iPhone Distribution";
				"CODE_SIGN_IDENTITY[sdk=iphoneos*]" = "iPhone Distribution";
				COPY_PHASE_STRIP = NO;
				DEBUG_INFORMATION_FORMAT = "dwarf-with-dsym";
				ENABLE_NS_ASSERTIONS = NO;
				ENABLE_STRICT_OBJC_MSGSEND = YES;
				GCC_C_LANGUAGE_STANDARD = gnu99;
				GCC_NO_COMMON_BLOCKS = YES;
				GCC_WARN_64_TO_32_BIT_CONVERSION = YES;
				GCC_WARN_ABOUT_RETURN_TYPE = YES_ERROR;
				GCC_WARN_UNDECLARED_SELECTOR = YES;
				GCC_WARN_UNINITIALIZED_AUTOS = YES_AGGRESSIVE;
				GCC_WARN_UNUSED_FUNCTION = YES;
				GCC_WARN_UNUSED_VARIABLE = YES;
				IPHONEOS_DEPLOYMENT_TARGET = 10.0;
				MTL_ENABLE_DEBUG_INFO = NO;
				PROVISIONING_PROFILE = "20294a45-6d85-4d86-a3f0-ff3722e1672b";
				SDKROOT = iphoneos;
				SWIFT_OPTIMIZATION_LEVEL = "-Owholemodule";
				VALIDATE_PRODUCT = YES;
			};
			name = Release;
		};
		BA0DC1111BE6063A00670C67 /* Debug */ = {
			isa = XCBuildConfiguration;
			baseConfigurationReference = BBF1419B763ACECC0AA688D3 /* Pods-MoireCreator.debug.xcconfig */;
			buildSettings = {
				ASSETCATALOG_COMPILER_APPICON_NAME = AppIcon;
				CODE_SIGN_IDENTITY = "iPhone Developer";
				"CODE_SIGN_IDENTITY[sdk=iphoneos*]" = "iPhone Developer";
				CODE_SIGN_STYLE = Manual;
				CURRENT_PROJECT_VERSION = 1.3.4.0;
				DEVELOPMENT_TEAM = YVYVV5ZB3C;
				ENABLE_BITCODE = NO;
				FRAMEWORK_SEARCH_PATHS = "$(inherited)";
				INFOPLIST_FILE = MoireCreator/Info.plist;
				IPHONEOS_DEPLOYMENT_TARGET = 10.0;
				LD_RUNPATH_SEARCH_PATHS = "$(inherited) @executable_path/Frameworks";
				MARKETING_VERSION = 1.3.4;
				OTHER_SWIFT_FLAGS = "-D DEBUG";
				PRODUCT_BUNDLE_IDENTIFIER = ys.moire;
				PRODUCT_NAME = "$(TARGET_NAME)";
				PROVISIONING_PROFILE = "";
				PROVISIONING_PROFILE_SPECIFIER = "ys wildcard";
				SWIFT_OBJC_BRIDGING_HEADER = "";
				SWIFT_SWIFT3_OBJC_INFERENCE = Default;
				SWIFT_VERSION = 4.0;
			};
			name = Debug;
		};
		BA0DC1121BE6063A00670C67 /* Release */ = {
			isa = XCBuildConfiguration;
			baseConfigurationReference = 51C8486A9D0C3BAE18B3A110 /* Pods-MoireCreator.release.xcconfig */;
			buildSettings = {
				ASSETCATALOG_COMPILER_APPICON_NAME = AppIcon;
				CODE_SIGN_IDENTITY = "iPhone Distribution";
				"CODE_SIGN_IDENTITY[sdk=iphoneos*]" = "iPhone Distribution";
				CODE_SIGN_STYLE = Manual;
				CURRENT_PROJECT_VERSION = 1.3.4.0;
				DEVELOPMENT_TEAM = YVYVV5ZB3C;
				ENABLE_BITCODE = NO;
				FRAMEWORK_SEARCH_PATHS = "$(inherited)";
				INFOPLIST_FILE = MoireCreator/Info.plist;
				IPHONEOS_DEPLOYMENT_TARGET = 10.0;
				LD_RUNPATH_SEARCH_PATHS = "$(inherited) @executable_path/Frameworks";
				MARKETING_VERSION = 1.3.4;
				PRODUCT_BUNDLE_IDENTIFIER = ys.moire;
				PRODUCT_NAME = "$(TARGET_NAME)";
				PROVISIONING_PROFILE = "";
				PROVISIONING_PROFILE_SPECIFIER = "Moire Creator Distribution";
				SWIFT_OBJC_BRIDGING_HEADER = "";
				SWIFT_SWIFT3_OBJC_INFERENCE = Default;
				SWIFT_VERSION = 4.0;
			};
			name = Release;
		};
		BA0DC1141BE6063A00670C67 /* Debug */ = {
			isa = XCBuildConfiguration;
			baseConfigurationReference = 2182E1B24A91D23659210C11 /* Pods-MoireCreatorTests.debug.xcconfig */;
			buildSettings = {
				BUNDLE_LOADER = "$(TEST_HOST)";
				"CODE_SIGN_IDENTITY[sdk=iphoneos*]" = "iPhone Developer";
				CODE_SIGN_STYLE = Manual;
				DEVELOPMENT_TEAM = YVYVV5ZB3C;
				INFOPLIST_FILE = MoireCreatorTests/Info.plist;
				LD_RUNPATH_SEARCH_PATHS = "$(inherited) @executable_path/Frameworks @loader_path/Frameworks";
				PRODUCT_BUNDLE_IDENTIFIER = ys.MoireCreatorTests;
				PRODUCT_NAME = "$(TARGET_NAME)";
				PROVISIONING_PROFILE_SPECIFIER = "";
				SWIFT_SWIFT3_OBJC_INFERENCE = Default;
				SWIFT_VERSION = 4.0;
				TEST_HOST = "$(BUILT_PRODUCTS_DIR)/MoireCreator.app/MoireCreator";
			};
			name = Debug;
		};
		BA0DC1151BE6063A00670C67 /* Release */ = {
			isa = XCBuildConfiguration;
			baseConfigurationReference = DF08557DC4D611460315B80B /* Pods-MoireCreatorTests.release.xcconfig */;
			buildSettings = {
				BUNDLE_LOADER = "$(TEST_HOST)";
				"CODE_SIGN_IDENTITY[sdk=iphoneos*]" = "iPhone Developer";
				CODE_SIGN_STYLE = Manual;
				DEVELOPMENT_TEAM = YVYVV5ZB3C;
				INFOPLIST_FILE = MoireCreatorTests/Info.plist;
				LD_RUNPATH_SEARCH_PATHS = "$(inherited) @executable_path/Frameworks @loader_path/Frameworks";
				PRODUCT_BUNDLE_IDENTIFIER = ys.MoireCreatorTests;
				PRODUCT_NAME = "$(TARGET_NAME)";
				PROVISIONING_PROFILE_SPECIFIER = "";
				SWIFT_SWIFT3_OBJC_INFERENCE = Default;
				SWIFT_VERSION = 4.0;
				TEST_HOST = "$(BUILT_PRODUCTS_DIR)/MoireCreator.app/MoireCreator";
			};
			name = Release;
		};
		BA0DC1171BE6063A00670C67 /* Debug */ = {
			isa = XCBuildConfiguration;
			baseConfigurationReference = CA108F3A20ED65747D38C2EE /* Pods-MoireCreatorUITests.debug.xcconfig */;
			buildSettings = {
				"CODE_SIGN_IDENTITY[sdk=iphoneos*]" = "iPhone Developer";
				DEVELOPMENT_TEAM = "";
				INFOPLIST_FILE = MoireCreatorUITests/Info.plist;
				LD_RUNPATH_SEARCH_PATHS = "$(inherited) @executable_path/Frameworks @loader_path/Frameworks";
				PRODUCT_BUNDLE_IDENTIFIER = ys.MoireCreatorUITests;
				PRODUCT_NAME = "$(TARGET_NAME)";
				PROVISIONING_PROFILE = "";
				PROVISIONING_PROFILE_SPECIFIER = "";
				SWIFT_SWIFT3_OBJC_INFERENCE = Default;
				SWIFT_VERSION = 4.0;
				TEST_TARGET_NAME = MoireCreator;
				USES_XCTRUNNER = YES;
			};
			name = Debug;
		};
		BA0DC1181BE6063A00670C67 /* Release */ = {
			isa = XCBuildConfiguration;
			baseConfigurationReference = 2EE6CF4F6C2BE596A4881765 /* Pods-MoireCreatorUITests.release.xcconfig */;
			buildSettings = {
				"CODE_SIGN_IDENTITY[sdk=iphoneos*]" = "iPhone Developer";
				DEVELOPMENT_TEAM = "";
				INFOPLIST_FILE = MoireCreatorUITests/Info.plist;
				LD_RUNPATH_SEARCH_PATHS = "$(inherited) @executable_path/Frameworks @loader_path/Frameworks";
				PRODUCT_BUNDLE_IDENTIFIER = ys.MoireCreatorUITests;
				PRODUCT_NAME = "$(TARGET_NAME)";
				PROVISIONING_PROFILE = "";
				PROVISIONING_PROFILE_SPECIFIER = "";
				SWIFT_SWIFT3_OBJC_INFERENCE = Default;
				SWIFT_VERSION = 4.0;
				TEST_TARGET_NAME = MoireCreator;
				USES_XCTRUNNER = YES;
			};
			name = Release;
		};
/* End XCBuildConfiguration section */

/* Begin XCConfigurationList section */
		BA0DC0E31BE6063A00670C67 /* Build configuration list for PBXProject "MoireCreator" */ = {
			isa = XCConfigurationList;
			buildConfigurations = (
				BA0DC10E1BE6063A00670C67 /* Debug */,
				BA0DC10F1BE6063A00670C67 /* Release */,
			);
			defaultConfigurationIsVisible = 0;
			defaultConfigurationName = Release;
		};
		BA0DC1101BE6063A00670C67 /* Build configuration list for PBXNativeTarget "MoireCreator" */ = {
			isa = XCConfigurationList;
			buildConfigurations = (
				BA0DC1111BE6063A00670C67 /* Debug */,
				BA0DC1121BE6063A00670C67 /* Release */,
			);
			defaultConfigurationIsVisible = 0;
			defaultConfigurationName = Release;
		};
		BA0DC1131BE6063A00670C67 /* Build configuration list for PBXNativeTarget "MoireCreatorTests" */ = {
			isa = XCConfigurationList;
			buildConfigurations = (
				BA0DC1141BE6063A00670C67 /* Debug */,
				BA0DC1151BE6063A00670C67 /* Release */,
			);
			defaultConfigurationIsVisible = 0;
			defaultConfigurationName = Release;
		};
		BA0DC1161BE6063A00670C67 /* Build configuration list for PBXNativeTarget "MoireCreatorUITests" */ = {
			isa = XCConfigurationList;
			buildConfigurations = (
				BA0DC1171BE6063A00670C67 /* Debug */,
				BA0DC1181BE6063A00670C67 /* Release */,
			);
			defaultConfigurationIsVisible = 0;
			defaultConfigurationName = Release;
		};
/* End XCConfigurationList section */
	};
	rootObject = BA0DC0E01BE6063A00670C67 /* Project object */;
}
